
Microsoft Visual Studio Solution File, Format Version 12.00
# Visual Studio Version 16
VisualStudioVersion = 16.0.30717.126
MinimumVisualStudioVersion = 10.0.40219.1
Project("{FAE04EC0-301F-11D3-BF4B-00C04F79EFBC}") = "MaskDetector", "MaskDetector.csproj", "{CD80D203-6CCE-44BD-B4BE-5B21E7F02582}"
EndProject
Global
	GlobalSection(SolutionConfigurationPlatforms) = preSolution
		Debug|Any CPU = Debug|Any CPU
		Release|Any CPU = Release|Any CPU
	EndGlobalSection
	GlobalSection(ProjectConfigurationPlatforms) = postSolution
		{CD80D203-6CCE-44BD-B4BE-5B21E7F02582}.Debug|Any CPU.ActiveCfg = Debug|Any CPU
		{CD80D203-6CCE-44BD-B4BE-5B21E7F02582}.Debug|Any CPU.Build.0 = Debug|Any CPU
		{CD80D203-6CCE-44BD-B4BE-5B21E7F02582}.Release|Any CPU.ActiveCfg = Release|Any CPU
		{CD80D203-6CCE-44BD-B4BE-5B21E7F02582}.Release|Any CPU.Build.0 = Release|Any CPU
	EndGlobalSection
	GlobalSection(SolutionProperties) = preSolution
		HideSolutionNode = FALSE
	EndGlobalSection
	GlobalSection(ExtensibilityGlobals) = postSolution
		SolutionGuid = {FAF81A80-868A-40AA-9DC1-F2831EA88064}
	EndGlobalSection
EndGlobal
