
Microsoft Visual Studio Solution File, Format Version 12.00
# Visual Studio Version 16
VisualStudioVersion = 16.0.29728.190
MinimumVisualStudioVersion = 10.0.40219.1
Project("{9A19103F-16F7-4668-BE54-9A1E7A4F7556}") = "CognitiveOrchestrator.API", "CognitiveOrchestrator.API.csproj", "{C9F609FA-6039-4670-A210-C84EE133CB39}"
EndProject
Project("{9A19103F-16F7-4668-BE54-9A1E7A4F7556}") = "PersonIdentificationLib", "..\..\core\PersonIdentificationLib\PersonIdentificationLib\PersonIdentificationLib.csproj", "{83B2EEDD-113A-450D-A538-ACB8566A59F7}"
EndProject
Global
	GlobalSection(SolutionConfigurationPlatforms) = preSolution
		Debug|Any CPU = Debug|Any CPU
		Release|Any CPU = Release|Any CPU
	EndGlobalSection
	GlobalSection(ProjectConfigurationPlatforms) = postSolution
		{C9F609FA-6039-4670-A210-C84EE133CB39}.Debug|Any CPU.ActiveCfg = Debug|Any CPU
		{C9F609FA-6039-4670-A210-C84EE133CB39}.Debug|Any CPU.Build.0 = Debug|Any CPU
		{C9F609FA-6039-4670-A210-C84EE133CB39}.Release|Any CPU.ActiveCfg = Release|Any CPU
		{C9F609FA-6039-4670-A210-C84EE133CB39}.Release|Any CPU.Build.0 = Release|Any CPU
		{83B2EEDD-113A-450D-A538-ACB8566A59F7}.Debug|Any CPU.ActiveCfg = Debug|Any CPU
		{83B2EEDD-113A-450D-A538-ACB8566A59F7}.Debug|Any CPU.Build.0 = Debug|Any CPU
		{83B2EEDD-113A-450D-A538-ACB8566A59F7}.Release|Any CPU.ActiveCfg = Release|Any CPU
		{83B2EEDD-113A-450D-A538-ACB8566A59F7}.Release|Any CPU.Build.0 = Release|Any CPU
	EndGlobalSection
	GlobalSection(SolutionProperties) = preSolution
		HideSolutionNode = FALSE
	EndGlobalSection
	GlobalSection(ExtensibilityGlobals) = postSolution
		SolutionGuid = {A9976A21-7CC7-48A0-BE75-A5155DC277AD}
	EndGlobalSection
EndGlobal
