
Microsoft Visual Studio Solution File, Format Version 12.00
# Visual Studio Version 16
VisualStudioVersion = 16.0.30011.22
MinimumVisualStudioVersion = 10.0.40219.1
Project("{FAE04EC0-301F-11D3-BF4B-00C04F79EFBC}") = "PersonIdentificationLib", "PersonIdentificationLib\PersonIdentificationLib.csproj", "{CA699915-93D3-4A20-8E02-659CBF87F5E1}"
EndProject
Global
	GlobalSection(SolutionConfigurationPlatforms) = preSolution
		Debug|Any CPU = Debug|Any CPU
		Release|Any CPU = Release|Any CPU
	EndGlobalSection
	GlobalSection(ProjectConfigurationPlatforms) = postSolution
		{CA699915-93D3-4A20-8E02-659CBF87F5E1}.Debug|Any CPU.ActiveCfg = Debug|Any CPU
		{CA699915-93D3-4A20-8E02-659CBF87F5E1}.Debug|Any CPU.Build.0 = Debug|Any CPU
		{CA699915-93D3-4A20-8E02-659CBF87F5E1}.Release|Any CPU.ActiveCfg = Release|Any CPU
		{CA699915-93D3-4A20-8E02-659CBF87F5E1}.Release|Any CPU.Build.0 = Release|Any CPU
	EndGlobalSection
	GlobalSection(SolutionProperties) = preSolution
		HideSolutionNode = FALSE
	EndGlobalSection
	GlobalSection(ExtensibilityGlobals) = postSolution
		SolutionGuid = {85472DED-66A0-4D32-8A43-4A3801BA8F74}
	EndGlobalSection
EndGlobal
